version: 2.0
shards:
  amber_router:
    git: https://github.com/amberframework/amber-router.git
    version: 0.4.4

  ameba:
    git: https://github.com/crystal-ameba/ameba.git
    version: 0.13.4

  athena:
    git: https://github.com/andrewc910/athena.git
    version: 0.12.0+git.commit.09113ead2fb09373205b4df2e9d49777cebe0569

  athena-config:
    git: https://github.com/athena-framework/config.git
    version: 0.1.3

  athena-dependency_injection:
    git: https://github.com/athena-framework/dependency-injection.git
    version: 0.2.3

  athena-event_dispatcher:
    git: https://github.com/athena-framework/event-dispatcher.git
    version: 0.1.2

  athena-serializer:
    git: https://github.com/athena-framework/serializer.git
    version: 0.2.3

  athena-validator:
    git: https://github.com/athena-framework/validator.git
    version: 0.1.3

  snowpacker:
    git: https://github.com/andrewc910/snowpacker.cr.git
    version: 0.1.0+git.commit.434c9b90e6f6cc0f4984bf6954d55461874a7aaf

